<?xml version="1.0" encoding="UTF-8" standalone="yes" ?>
<CodeBlocks_project_file>
	<FileVersion major="1" minor="6" />
	<Project>
		<Option title="projet 1.0" />
		<Option pch_mode="2" />
		<Option compiler="gcc" />
		<Build>
			<Target title="Debug">
				<Option output="bin/Debug/projet 1" prefix_auto="1" extension_auto="1" />
				<Option object_output="obj/Debug/" />
				<Option type="1" />
				<Option compiler="gcc" />
				<Compiler>
					<Add option="-g" />
				</Compiler>
			</Target>
			<Target title="Release">
				<Option output="bin/Release/projet 1" prefix_auto="1" extension_auto="1" />
				<Option object_output="obj/Release/" />
				<Option type="1" />
				<Option compiler="gcc" />
				<Compiler>
					<Add option="-O2" />
				</Compiler>
				<Linker>
					<Add option="-s" />
				</Linker>
			</Target>
		</Build>
		<Compiler>
			<Add option="-Wall" />
			<Add option="-fexceptions" />
		</Compiler>
		<Unit filename="Astres.cpp" />
		<Unit filename="Ciel.cpp" />
		<Unit filename="Ciel.h" />
		<Unit filename="Coords.cpp" />
		<Unit filename="Coords.h" />
		<Unit filename="Menu.cpp" />
		<Unit filename="Menu.h" />
		<Unit filename="Prairie.cpp" />
		<Unit filename="Prairie.h" />
		<Unit filename="SVGFILE.cpp" />
		<Unit filename="SVGFILE.h" />
		<Unit filename="UTIL.cpp" />
		<Unit filename="UTIL.h" />
		<Unit filename="main.cpp" />
		<Unit filename="mountain.cpp" />
		<Unit filename="mountain.h" />
		<Unit filename="ville.cpp" />
		<Unit filename="ville.h" />
		<Extensions>
			<code_completion />
			<envvars />
			<debugger />
			<lib_finder disable_auto="1" />
		</Extensions>
	</Project>
</CodeBlocks_project_file>
